{
  "version": 4,
  "terraform_version": "1.0.2",
  "serial": 42,
  "lineage": "13feccad-1327-7167-1192-8453bee19f70",
  "outputs": {
    "dhcp_options": {
      "value": {
        "compartment_id": "ocid1.compartment.oc1..aaaaaaaa57dcr5tauzvhraxlnhstl3fdpjblfdrh57nafd3sfabcsgr3fstq",
        "defined_tags": {
          "DevRel\\terraform-oci-cloudbricks-network-artifacts-859e.release": "1.0"
        },
        "display_name": "HUB01_DHCP_Options",
        "domain_name_type": "CUSTOM_DOMAIN",
        "freeform_tags": {},
        "id": "ocid1.dhcpoptions.oc1.sa-santiago-1.aaaaaaaa6ymohtsttpbwf4gfb65opl64xyu65pxnvhpqbbubhuypsnarx3nq",
        "options": [
          {
            "custom_dns_servers": [],
            "search_domain_names": [
              "test.com"
            ],
            "server_type": "",
            "type": "SearchDomain"
          },
          {
            "custom_dns_servers": [],
            "search_domain_names": [],
            "server_type": "VcnLocalPlusInternet",
            "type": "DomainNameServer"
          }
        ],
        "state": "AVAILABLE",
        "time_created": "2021-07-23 16:24:05.816 +0000 UTC",
        "timeouts": null,
        "vcn_id": "ocid1.vcn.oc1.sa-santiago-1.amaaaaaatwfhi7yaeh6ofbh5dk3qithw6jzm4oe5evcpeu6ve3falk6pt6ba"
      },
      "type": [
        "object",
        {
          "compartment_id": "string",
          "defined_tags": [
            "map",
            "string"
          ],
          "display_name": "string",
          "domain_name_type": "string",
          "freeform_tags": [
            "map",
            "string"
          ],
          "id": "string",
          "options": [
            "set",
            [
              "object",
              {
                "custom_dns_servers": [
                  "list",
                  "string"
                ],
                "search_domain_names": [
                  "list",
                  "string"
                ],
                "server_type": "string",
                "type": "string"
              }
            ]
          ],
          "state": "string",
          "time_created": "string",
          "timeouts": [
            "object",
            {
              "create": "string",
              "delete": "string",
              "update": "string"
            }
          ],
          "vcn_id": "string"
        }
      ]
    },
    "internet_gateway": {
      "value": {
        "compartment_id": "ocid1.compartment.oc1..aaaaaaaa57dcr5tauzvhraxlnhstl3fdpjblfdrh57nafd3sfabcsgr3fstq",
        "defined_tags": {
          "DevRel\\terraform-oci-cloudbricks-network-artifacts-859e.release": "1.0"
        },
        "display_name": "HUB01_INET_GW",
        "enabled": true,
        "freeform_tags": {},
        "id": "ocid1.internetgateway.oc1.sa-santiago-1.aaaaaaaacwdqyo3iycbca3vvsy2rktaffkeploprdcutf37ddp5u6bpldsoq",
        "state": "AVAILABLE",
        "time_created": "2021-07-23 16:24:05.784 +0000 UTC",
        "timeouts": null,
        "vcn_id": "ocid1.vcn.oc1.sa-santiago-1.amaaaaaatwfhi7yaeh6ofbh5dk3qithw6jzm4oe5evcpeu6ve3falk6pt6ba"
      },
      "type": [
        "object",
        {
          "compartment_id": "string",
          "defined_tags": [
            "map",
            "string"
          ],
          "display_name": "string",
          "enabled": "bool",
          "freeform_tags": [
            "map",
            "string"
          ],
          "id": "string",
          "state": "string",
          "time_created": "string",
          "timeouts": [
            "object",
            {
              "create": "string",
              "delete": "string",
              "update": "string"
            }
          ],
          "vcn_id": "string"
        }
      ]
    },
    "local_peering_gateways": {
      "value": [
        {
          "compartment_id": "ocid1.compartment.oc1..aaaaaaaa57dcr5tauzvhraxlnhstl3fdpjblfdrh57nafd3sfabcsgr3fstq",
          "defined_tags": {
            "DevRel\\terraform-oci-cloudbricks-network-artifacts-859e.release": "1.0"
          },
          "display_name": "HUB01_LPG01",
          "freeform_tags": {},
          "id": "ocid1.localpeeringgateway.oc1.sa-santiago-1.aaaaaaaanq7mb5wrzbl6igb3rklg4wugbhl6wx76yducb3jl44ra4lfxvpta",
          "is_cross_tenancy_peering": false,
          "peer_advertised_cidr": null,
          "peer_advertised_cidr_details": [],
          "peer_id": null,
          "peering_status": "NEW",
          "peering_status_details": "Not connected to a peer.",
          "route_table_id": null,
          "state": "AVAILABLE",
          "time_created": "2021-07-23 16:24:05.82 +0000 UTC",
          "timeouts": null,
          "vcn_id": "ocid1.vcn.oc1.sa-santiago-1.amaaaaaatwfhi7yaeh6ofbh5dk3qithw6jzm4oe5evcpeu6ve3falk6pt6ba"
        }
      ],
      "type": [
        "tuple",
        [
          [
            "object",
            {
              "compartment_id": "string",
              "defined_tags": [
                "map",
                "string"
              ],
              "display_name": "string",
              "freeform_tags": [
                "map",
                "string"
              ],
              "id": "string",
              "is_cross_tenancy_peering": "bool",
              "peer_advertised_cidr": "string",
              "peer_advertised_cidr_details": [
                "list",
                "string"
              ],
              "peer_id": "string",
              "peering_status": "string",
              "peering_status_details": "string",
              "route_table_id": "string",
              "state": "string",
              "time_created": "string",
              "timeouts": [
                "object",
                {
                  "create": "string",
                  "delete": "string",
                  "update": "string"
                }
              ],
              "vcn_id": "string"
            }
          ]
        ]
      ]
    },
    "nat_gateway": {
      "value": {
        "block_traffic": false,
        "compartment_id": "ocid1.compartment.oc1..aaaaaaaa57dcr5tauzvhraxlnhstl3fdpjblfdrh57nafd3sfabcsgr3fstq",
        "defined_tags": {
          "DevRel\\terraform-oci-cloudbricks-network-artifacts-859e.release": "1.0"
        },
        "display_name": "HUB01_NAT_GW",
        "freeform_tags": {},
        "id": "ocid1.natgateway.oc1.sa-santiago-1.aaaaaaaa4iw35adjopm2wavezh7zunl24m3on6aioac4gmqta3xyrfcgn67a",
        "nat_ip": "129.151.103.26",
        "public_ip_id": "ocid1.publicip.oc1.sa-santiago-1.aaaaaaaabsv6agax4dh6tel6hfwa3qxu2vfug2nio7uvdiwv43euluvgmvoq",
        "state": "AVAILABLE",
        "time_created": "2021-07-23 16:24:06.072 +0000 UTC",
        "timeouts": null,
        "vcn_id": "ocid1.vcn.oc1.sa-santiago-1.amaaaaaatwfhi7yaeh6ofbh5dk3qithw6jzm4oe5evcpeu6ve3falk6pt6ba"
      },
      "type": [
        "object",
        {
          "block_traffic": "bool",
          "compartment_id": "string",
          "defined_tags": [
            "map",
            "string"
          ],
          "display_name": "string",
          "freeform_tags": [
            "map",
            "string"
          ],
          "id": "string",
          "nat_ip": "string",
          "public_ip_id": "string",
          "state": "string",
          "time_created": "string",
          "timeouts": [
            "object",
            {
              "create": "string",
              "delete": "string",
              "update": "string"
            }
          ],
          "vcn_id": "string"
        }
      ]
    },
    "network_compartment": {
      "value": {
        "compartment_id": "ocid1.compartment.oc1..aaaaaaaalx77hsir4r2kc36twf3f3twf3ff3b5jtam7wbe5jmtq3bjzvjgzq",
        "defined_tags": {},
        "description": "Compartment where network resides at",
        "enable_delete": false,
        "freeform_tags": {},
        "id": "ocid1.compartment.oc1..aaaaaaaa57dcr5tauzvhraxlnhstl3fdpjblfdrh57nafd3sfabcsgr3fstq",
        "inactive_state": "",
        "is_accessible": false,
        "name": "DALQUINT_HUB_Network",
        "state": "ACTIVE",
        "time_created": "2021-04-26 22:03:22.46 +0000 UTC"
      },
      "type": [
        "object",
        {
          "compartment_id": "string",
          "defined_tags": [
            "map",
            "string"
          ],
          "description": "string",
          "enable_delete": "bool",
          "freeform_tags": [
            "map",
            "string"
          ],
          "id": "string",
          "inactive_state": "string",
          "is_accessible": "bool",
          "name": "string",
          "state": "string",
          "time_created": "string"
        }
      ]
    },
    "private_route_table": {
      "value": {
        "compartment_id": "ocid1.compartment.oc1..aaaaaaaa57dcr5tauzvhraxlnhstl3fdpjblfdrh57nafd3sfabcsgr3fstq",
        "defined_tags": {
          "DevRel\\terraform-oci-cloudbricks-network-artifacts-859e.release": "1.0"
        },
        "display_name": "HUB01_pvt_hub_rt",
        "freeform_tags": {},
        "id": "ocid1.routetable.oc1.sa-santiago-1.aaaaaaaaxd2zg4mwcjgdhnbdr5xtubuq63v6iy2wc45qmht2pq34stzref2a",
        "route_rules": [
          {
            "cidr_block": "",
            "description": "NAT Gateway default route",
            "destination": "0.0.0.0/0",
            "destination_type": "CIDR_BLOCK",
            "network_entity_id": "ocid1.natgateway.oc1.sa-santiago-1.aaaaaaaa4iw35adjopm2wavezh7zunl24m3on6aioac4gmqta3xyrfcgn67a"
          },
          {
            "cidr_block": "",
            "description": "Service Gateway default route",
            "destination": "all-scl-services-in-oracle-services-network",
            "destination_type": "SERVICE_CIDR_BLOCK",
            "network_entity_id": "ocid1.servicegateway.oc1.sa-santiago-1.aaaaaaaaq7dux6tgjcs5uzx4mmcdvda3fxf36z4verza5cluocuiaghcq2sa"
          }
        ],
        "state": "AVAILABLE",
        "time_created": "2021-07-23 16:24:07.29 +0000 UTC",
        "timeouts": null,
        "vcn_id": "ocid1.vcn.oc1.sa-santiago-1.amaaaaaatwfhi7yaeh6ofbh5dk3qithw6jzm4oe5evcpeu6ve3falk6pt6ba"
      },
      "type": [
        "object",
        {
          "compartment_id": "string",
          "defined_tags": [
            "map",
            "string"
          ],
          "display_name": "string",
          "freeform_tags": [
            "map",
            "string"
          ],
          "id": "string",
          "route_rules": [
            "set",
            [
              "object",
              {
                "cidr_block": "string",
                "description": "string",
                "destination": "string",
                "destination_type": "string",
                "network_entity_id": "string"
              }
            ]
          ],
          "state": "string",
          "time_created": "string",
          "timeouts": [
            "object",
            {
              "create": "string",
              "delete": "string",
              "update": "string"
            }
          ],
          "vcn_id": "string"
        }
      ]
    },
    "private_security_list": {
      "value": {
        "compartment_id": "ocid1.compartment.oc1..aaaaaaaa57dcr5tauzvhraxlnhstl3fdpjblfdrh57nafd3sfabcsgr3fstq",
        "defined_tags": {
          "DevRel\\terraform-oci-cloudbricks-network-artifacts-859e.release": "1.0"
        },
        "display_name": "HUB01_pvt_hub_sl",
        "egress_security_rules": [
          {
            "description": "All egress rule for all protocols and IP Addresses",
            "destination": "0.0.0.0/0",
            "destination_type": "CIDR_BLOCK",
            "icmp_options": [],
            "protocol": "all",
            "stateless": true,
            "tcp_options": [],
            "udp_options": []
          }
        ],
        "freeform_tags": {},
        "id": "ocid1.securitylist.oc1.sa-santiago-1.aaaaaaaar55tlvqnlxztgzdk2zl5hgl75sxmko42dsh22m6z6s53ivhqjhba",
        "ingress_security_rules": [
          {
            "description": "All traffic in for private security List",
            "icmp_options": [],
            "protocol": "all",
            "source": "0.0.0.0/0",
            "source_type": "CIDR_BLOCK",
            "stateless": true,
            "tcp_options": [],
            "udp_options": []
          }
        ],
        "state": "AVAILABLE",
        "time_created": "2021-07-23 16:24:05.831 +0000 UTC",
        "timeouts": null,
        "vcn_id": "ocid1.vcn.oc1.sa-santiago-1.amaaaaaatwfhi7yaeh6ofbh5dk3qithw6jzm4oe5evcpeu6ve3falk6pt6ba"
      },
      "type": [
        "object",
        {
          "compartment_id": "string",
          "defined_tags": [
            "map",
            "string"
          ],
          "display_name": "string",
          "egress_security_rules": [
            "set",
            [
              "object",
              {
                "description": "string",
                "destination": "string",
                "destination_type": "string",
                "icmp_options": [
                  "list",
                  [
                    "object",
                    {
                      "code": "number",
                      "type": "number"
                    }
                  ]
                ],
                "protocol": "string",
                "stateless": "bool",
                "tcp_options": [
                  "list",
                  [
                    "object",
                    {
                      "max": "number",
                      "min": "number",
                      "source_port_range": [
                        "list",
                        [
                          "object",
                          {
                            "max": "number",
                            "min": "number"
                          }
                        ]
                      ]
                    }
                  ]
                ],
                "udp_options": [
                  "list",
                  [
                    "object",
                    {
                      "max": "number",
                      "min": "number",
                      "source_port_range": [
                        "list",
                        [
                          "object",
                          {
                            "max": "number",
                            "min": "number"
                          }
                        ]
                      ]
                    }
                  ]
                ]
              }
            ]
          ],
          "freeform_tags": [
            "map",
            "string"
          ],
          "id": "string",
          "ingress_security_rules": [
            "set",
            [
              "object",
              {
                "description": "string",
                "icmp_options": [
                  "list",
                  [
                    "object",
                    {
                      "code": "number",
                      "type": "number"
                    }
                  ]
                ],
                "protocol": "string",
                "source": "string",
                "source_type": "string",
                "stateless": "bool",
                "tcp_options": [
                  "list",
                  [
                    "object",
                    {
                      "max": "number",
                      "min": "number",
                      "source_port_range": [
                        "list",
                        [
                          "object",
                          {
                            "max": "number",
                            "min": "number"
                          }
                        ]
                      ]
                    }
                  ]
                ],
                "udp_options": [
                  "list",
                  [
                    "object",
                    {
                      "max": "number",
                      "min": "number",
                      "source_port_range": [
                        "list",
                        [
                          "object",
                          {
                            "max": "number",
                            "min": "number"
                          }
                        ]
                      ]
                    }
                  ]
                ]
              }
            ]
          ],
          "state": "string",
          "time_created": "string",
          "timeouts": [
            "object",
            {
              "create": "string",
              "delete": "string",
              "update": "string"
            }
          ],
          "vcn_id": "string"
        }
      ]
    },
    "private_subnets": {
      "value": {
        "HUB01_pvtsn01": {
          "availability_domain": null,
          "cidr_block": "10.0.0.0/23",
          "compartment_id": "ocid1.compartment.oc1..aaaaaaaa57dcr5tauzvhraxlnhstl3fdpjblfdrh57nafd3sfabcsgr3fstq",
          "defined_tags": {
            "DevRel\\terraform-oci-cloudbricks-network-artifacts-859e.release": "1.0"
          },
          "dhcp_options_id": "ocid1.dhcpoptions.oc1.sa-santiago-1.aaaaaaaa6ymohtsttpbwf4gfb65opl64xyu65pxnvhpqbbubhuypsnarx3nq",
          "display_name": "HUB01_pvtsn01",
          "dns_label": "hub01pvtsn01",
          "freeform_tags": {},
          "id": "ocid1.subnet.oc1.sa-santiago-1.aaaaaaaahwbim2yl5llgokjpmsouqy4j3hh5kxiv6z7tlzethmew3mag4c3a",
          "ipv6cidr_block": null,
          "ipv6virtual_router_ip": null,
          "prohibit_internet_ingress": true,
          "prohibit_public_ip_on_vnic": true,
          "route_table_id": "ocid1.routetable.oc1.sa-santiago-1.aaaaaaaaxd2zg4mwcjgdhnbdr5xtubuq63v6iy2wc45qmht2pq34stzref2a",
          "security_list_ids": [
            "ocid1.securitylist.oc1.sa-santiago-1.aaaaaaaar55tlvqnlxztgzdk2zl5hgl75sxmko42dsh22m6z6s53ivhqjhba"
          ],
          "state": "AVAILABLE",
          "subnet_domain_name": "hub01pvtsn01.hub01vcnterrafo.oraclevcn.com",
          "time_created": "2021-07-23 16:24:08.631 +0000 UTC",
          "timeouts": null,
          "vcn_id": "ocid1.vcn.oc1.sa-santiago-1.amaaaaaatwfhi7yaeh6ofbh5dk3qithw6jzm4oe5evcpeu6ve3falk6pt6ba",
          "virtual_router_ip": "10.0.0.1",
          "virtual_router_mac": "00:00:17:5E:BC:1D"
        },
        "HUB01_pvtsn02": {
          "availability_domain": null,
          "cidr_block": "10.0.2.0/23",
          "compartment_id": "ocid1.compartment.oc1..aaaaaaaa57dcr5tauzvhraxlnhstl3fdpjblfdrh57nafd3sfabcsgr3fstq",
          "defined_tags": {
            "DevRel\\terraform-oci-cloudbricks-network-artifacts-859e.release": "1.0"
          },
          "dhcp_options_id": "ocid1.dhcpoptions.oc1.sa-santiago-1.aaaaaaaa6ymohtsttpbwf4gfb65opl64xyu65pxnvhpqbbubhuypsnarx3nq",
          "display_name": "HUB01_pvtsn02",
          "dns_label": "hub01pvtsn02",
          "freeform_tags": {},
          "id": "ocid1.subnet.oc1.sa-santiago-1.aaaaaaaazi7l7x7vdds37e52yvet44owe3k6zdcl5v6xnqhw3bgn7nunjsyq",
          "ipv6cidr_block": null,
          "ipv6virtual_router_ip": null,
          "prohibit_internet_ingress": true,
          "prohibit_public_ip_on_vnic": true,
          "route_table_id": "ocid1.routetable.oc1.sa-santiago-1.aaaaaaaaxd2zg4mwcjgdhnbdr5xtubuq63v6iy2wc45qmht2pq34stzref2a",
          "security_list_ids": [
            "ocid1.securitylist.oc1.sa-santiago-1.aaaaaaaar55tlvqnlxztgzdk2zl5hgl75sxmko42dsh22m6z6s53ivhqjhba"
          ],
          "state": "AVAILABLE",
          "subnet_domain_name": "hub01pvtsn02.hub01vcnterrafo.oraclevcn.com",
          "time_created": "2021-07-23 16:24:07.916 +0000 UTC",
          "timeouts": null,
          "vcn_id": "ocid1.vcn.oc1.sa-santiago-1.amaaaaaatwfhi7yaeh6ofbh5dk3qithw6jzm4oe5evcpeu6ve3falk6pt6ba",
          "virtual_router_ip": "10.0.2.1",
          "virtual_router_mac": "00:00:17:5E:BC:1D"
        },
        "HUB01_pvtsn03": {
          "availability_domain": null,
          "cidr_block": "10.0.4.0/23",
          "compartment_id": "ocid1.compartment.oc1..aaaaaaaa57dcr5tauzvhraxlnhstl3fdpjblfdrh57nafd3sfabcsgr3fstq",
          "defined_tags": {
            "DevRel\\terraform-oci-cloudbricks-network-artifacts-859e.release": "1.0"
          },
          "dhcp_options_id": "ocid1.dhcpoptions.oc1.sa-santiago-1.aaaaaaaa6ymohtsttpbwf4gfb65opl64xyu65pxnvhpqbbubhuypsnarx3nq",
          "display_name": "HUB01_pvtsn03",
          "dns_label": "hub01pvtsn03",
          "freeform_tags": {},
          "id": "ocid1.subnet.oc1.sa-santiago-1.aaaaaaaaobtdhbdtn4h2hbgng32iahz5nbhkyerlqf4xwsovwvxkm62xjwva",
          "ipv6cidr_block": null,
          "ipv6virtual_router_ip": null,
          "prohibit_internet_ingress": true,
          "prohibit_public_ip_on_vnic": true,
          "route_table_id": "ocid1.routetable.oc1.sa-santiago-1.aaaaaaaaxd2zg4mwcjgdhnbdr5xtubuq63v6iy2wc45qmht2pq34stzref2a",
          "security_list_ids": [
            "ocid1.securitylist.oc1.sa-santiago-1.aaaaaaaar55tlvqnlxztgzdk2zl5hgl75sxmko42dsh22m6z6s53ivhqjhba"
          ],
          "state": "AVAILABLE",
          "subnet_domain_name": "hub01pvtsn03.hub01vcnterrafo.oraclevcn.com",
          "time_created": "2021-07-23 16:24:08.852 +0000 UTC",
          "timeouts": null,
          "vcn_id": "ocid1.vcn.oc1.sa-santiago-1.amaaaaaatwfhi7yaeh6ofbh5dk3qithw6jzm4oe5evcpeu6ve3falk6pt6ba",
          "virtual_router_ip": "10.0.4.1",
          "virtual_router_mac": "00:00:17:5E:BC:1D"
        }
      },
      "type": [
        "object",
        {
          "HUB01_pvtsn01": [
            "object",
            {
              "availability_domain": "string",
              "cidr_block": "string",
              "compartment_id": "string",
              "defined_tags": [
                "map",
                "string"
              ],
              "dhcp_options_id": "string",
              "display_name": "string",
              "dns_label": "string",
              "freeform_tags": [
                "map",
                "string"
              ],
              "id": "string",
              "ipv6cidr_block": "string",
              "ipv6virtual_router_ip": "string",
              "prohibit_internet_ingress": "bool",
              "prohibit_public_ip_on_vnic": "bool",
              "route_table_id": "string",
              "security_list_ids": [
                "set",
                "string"
              ],
              "state": "string",
              "subnet_domain_name": "string",
              "time_created": "string",
              "timeouts": [
                "object",
                {
                  "create": "string",
                  "delete": "string",
                  "update": "string"
                }
              ],
              "vcn_id": "string",
              "virtual_router_ip": "string",
              "virtual_router_mac": "string"
            }
          ],
          "HUB01_pvtsn02": [
            "object",
            {
              "availability_domain": "string",
              "cidr_block": "string",
              "compartment_id": "string",
              "defined_tags": [
                "map",
                "string"
              ],
              "dhcp_options_id": "string",
              "display_name": "string",
              "dns_label": "string",
              "freeform_tags": [
                "map",
                "string"
              ],
              "id": "string",
              "ipv6cidr_block": "string",
              "ipv6virtual_router_ip": "string",
              "prohibit_internet_ingress": "bool",
              "prohibit_public_ip_on_vnic": "bool",
              "route_table_id": "string",
              "security_list_ids": [
                "set",
                "string"
              ],
              "state": "string",
              "subnet_domain_name": "string",
              "time_created": "string",
              "timeouts": [
                "object",
                {
                  "create": "string",
                  "delete": "string",
                  "update": "string"
                }
              ],
              "vcn_id": "string",
              "virtual_router_ip": "string",
              "virtual_router_mac": "string"
            }
          ],
          "HUB01_pvtsn03": [
            "object",
            {
              "availability_domain": "string",
              "cidr_block": "string",
              "compartment_id": "string",
              "defined_tags": [
                "map",
                "string"
              ],
              "dhcp_options_id": "string",
              "display_name": "string",
              "dns_label": "string",
              "freeform_tags": [
                "map",
                "string"
              ],
              "id": "string",
              "ipv6cidr_block": "string",
              "ipv6virtual_router_ip": "string",
              "prohibit_internet_ingress": "bool",
              "prohibit_public_ip_on_vnic": "bool",
              "route_table_id": "string",
              "security_list_ids": [
                "set",
                "string"
              ],
              "state": "string",
              "subnet_domain_name": "string",
              "time_created": "string",
              "timeouts": [
                "object",
                {
                  "create": "string",
                  "delete": "string",
                  "update": "string"
                }
              ],
              "vcn_id": "string",
              "virtual_router_ip": "string",
              "virtual_router_mac": "string"
            }
          ]
        }
      ]
    },
    "public_route_table": {
      "value": {
        "compartment_id": "ocid1.compartment.oc1..aaaaaaaa57dcr5tauzvhraxlnhstl3fdpjblfdrh57nafd3sfabcsgr3fstq",
        "defined_tags": {
          "DevRel\\terraform-oci-cloudbricks-network-artifacts-859e.release": "1.0"
        },
        "display_name": "HUB01_pub_hub_rt",
        "freeform_tags": {},
        "id": "ocid1.routetable.oc1.sa-santiago-1.aaaaaaaaqovs7f724avbysuc37uguzm2eocrgddlqqf252jzaolo7gkugotq",
        "route_rules": [
          {
            "cidr_block": "",
            "description": "Route entry for Internet Gateway",
            "destination": "0.0.0.0/0",
            "destination_type": "CIDR_BLOCK",
            "network_entity_id": "ocid1.internetgateway.oc1.sa-santiago-1.aaaaaaaacwdqyo3iycbca3vvsy2rktaffkeploprdcutf37ddp5u6bpldsoq"
          },
          {
            "cidr_block": "",
            "description": "Service Gateway default route",
            "destination": "oci-scl-objectstorage",
            "destination_type": "SERVICE_CIDR_BLOCK",
            "network_entity_id": "ocid1.servicegateway.oc1.sa-santiago-1.aaaaaaaaq7dux6tgjcs5uzx4mmcdvda3fxf36z4verza5cluocuiaghcq2sa"
          }
        ],
        "state": "AVAILABLE",
        "time_created": "2021-07-23 16:24:06.863 +0000 UTC",
        "timeouts": null,
        "vcn_id": "ocid1.vcn.oc1.sa-santiago-1.amaaaaaatwfhi7yaeh6ofbh5dk3qithw6jzm4oe5evcpeu6ve3falk6pt6ba"
      },
      "type": [
        "object",
        {
          "compartment_id": "string",
          "defined_tags": [
            "map",
            "string"
          ],
          "display_name": "string",
          "freeform_tags": [
            "map",
            "string"
          ],
          "id": "string",
          "route_rules": [
            "set",
            [
              "object",
              {
                "cidr_block": "string",
                "description": "string",
                "destination": "string",
                "destination_type": "string",
                "network_entity_id": "string"
              }
            ]
          ],
          "state": "string",
          "time_created": "string",
          "timeouts": [
            "object",
            {
              "create": "string",
              "delete": "string",
              "update": "string"
            }
          ],
          "vcn_id": "string"
        }
      ]
    },
    "public_security_list": {
      "value": {
        "compartment_id": "ocid1.compartment.oc1..aaaaaaaa57dcr5tauzvhraxlnhstl3fdpjblfdrh57nafd3sfabcsgr3fstq",
        "defined_tags": {
          "DevRel\\terraform-oci-cloudbricks-network-artifacts-859e.release": "1.0"
        },
        "display_name": "HUB01_pub_hub_sl",
        "egress_security_rules": [
          {
            "description": "All egress rule for all protocols and IP Addresses",
            "destination": "0.0.0.0/0",
            "destination_type": "CIDR_BLOCK",
            "icmp_options": [],
            "protocol": "all",
            "stateless": true,
            "tcp_options": [],
            "udp_options": []
          }
        ],
        "freeform_tags": {},
        "id": "ocid1.securitylist.oc1.sa-santiago-1.aaaaaaaacukhcwhvypiefhqwpjhstuisw7iidt5whe4damzrufczsy6mpaga",
        "ingress_security_rules": [
          {
            "description": "All traffic in for Public Security List",
            "icmp_options": [],
            "protocol": "all",
            "source": "0.0.0.0/0",
            "source_type": "CIDR_BLOCK",
            "stateless": true,
            "tcp_options": [],
            "udp_options": []
          }
        ],
        "state": "AVAILABLE",
        "time_created": "2021-07-23 16:24:05.829 +0000 UTC",
        "timeouts": null,
        "vcn_id": "ocid1.vcn.oc1.sa-santiago-1.amaaaaaatwfhi7yaeh6ofbh5dk3qithw6jzm4oe5evcpeu6ve3falk6pt6ba"
      },
      "type": [
        "object",
        {
          "compartment_id": "string",
          "defined_tags": [
            "map",
            "string"
          ],
          "display_name": "string",
          "egress_security_rules": [
            "set",
            [
              "object",
              {
                "description": "string",
                "destination": "string",
                "destination_type": "string",
                "icmp_options": [
                  "list",
                  [
                    "object",
                    {
                      "code": "number",
                      "type": "number"
                    }
                  ]
                ],
                "protocol": "string",
                "stateless": "bool",
                "tcp_options": [
                  "list",
                  [
                    "object",
                    {
                      "max": "number",
                      "min": "number",
                      "source_port_range": [
                        "list",
                        [
                          "object",
                          {
                            "max": "number",
                            "min": "number"
                          }
                        ]
                      ]
                    }
                  ]
                ],
                "udp_options": [
                  "list",
                  [
                    "object",
                    {
                      "max": "number",
                      "min": "number",
                      "source_port_range": [
                        "list",
                        [
                          "object",
                          {
                            "max": "number",
                            "min": "number"
                          }
                        ]
                      ]
                    }
                  ]
                ]
              }
            ]
          ],
          "freeform_tags": [
            "map",
            "string"
          ],
          "id": "string",
          "ingress_security_rules": [
            "set",
            [
              "object",
              {
                "description": "string",
                "icmp_options": [
                  "list",
                  [
                    "object",
                    {
                      "code": "number",
                      "type": "number"
                    }
                  ]
                ],
                "protocol": "string",
                "source": "string",
                "source_type": "string",
                "stateless": "bool",
                "tcp_options": [
                  "list",
                  [
                    "object",
                    {
                      "max": "number",
                      "min": "number",
                      "source_port_range": [
                        "list",
                        [
                          "object",
                          {
                            "max": "number",
                            "min": "number"
                          }
                        ]
                      ]
                    }
                  ]
                ],
                "udp_options": [
                  "list",
                  [
                    "object",
                    {
                      "max": "number",
                      "min": "number",
                      "source_port_range": [
                        "list",
                        [
                          "object",
                          {
                            "max": "number",
                            "min": "number"
                          }
                        ]
                      ]
                    }
                  ]
                ]
              }
            ]
          ],
          "state": "string",
          "time_created": "string",
          "timeouts": [
            "object",
            {
              "create": "string",
              "delete": "string",
              "update": "string"
            }
          ],
          "vcn_id": "string"
        }
      ]
    },
    "public_subnets": {
      "value": {
        "HUB01_pubsn01": {
          "availability_domain": null,
          "cidr_block": "10.0.6.0/23",
          "compartment_id": "ocid1.compartment.oc1..aaaaaaaa57dcr5tauzvhraxlnhstl3fdpjblfdrh57nafd3sfabcsgr3fstq",
          "defined_tags": {
            "DevRel\\terraform-oci-cloudbricks-network-artifacts-859e.release": "1.0"
          },
          "dhcp_options_id": "ocid1.dhcpoptions.oc1.sa-santiago-1.aaaaaaaa6ymohtsttpbwf4gfb65opl64xyu65pxnvhpqbbubhuypsnarx3nq",
          "display_name": "HUB01_pubsn01",
          "dns_label": "hub01pubsn01",
          "freeform_tags": {},
          "id": "ocid1.subnet.oc1.sa-santiago-1.aaaaaaaad5fctnjagcymiidulrbkkrcvq7hvzyfzr2ja3wiq3ngkmivtmpya",
          "ipv6cidr_block": null,
          "ipv6virtual_router_ip": null,
          "prohibit_internet_ingress": false,
          "prohibit_public_ip_on_vnic": false,
          "route_table_id": "ocid1.routetable.oc1.sa-santiago-1.aaaaaaaaqovs7f724avbysuc37uguzm2eocrgddlqqf252jzaolo7gkugotq",
          "security_list_ids": [
            "ocid1.securitylist.oc1.sa-santiago-1.aaaaaaaacukhcwhvypiefhqwpjhstuisw7iidt5whe4damzrufczsy6mpaga"
          ],
          "state": "AVAILABLE",
          "subnet_domain_name": "hub01pubsn01.hub01vcnterrafo.oraclevcn.com",
          "time_created": "2021-07-23 16:24:11.649 +0000 UTC",
          "timeouts": null,
          "vcn_id": "ocid1.vcn.oc1.sa-santiago-1.amaaaaaatwfhi7yaeh6ofbh5dk3qithw6jzm4oe5evcpeu6ve3falk6pt6ba",
          "virtual_router_ip": "10.0.6.1",
          "virtual_router_mac": "00:00:17:5E:BC:1D"
        },
        "HUB01_pubsn02": {
          "availability_domain": null,
          "cidr_block": "10.0.8.0/23",
          "compartment_id": "ocid1.compartment.oc1..aaaaaaaa57dcr5tauzvhraxlnhstl3fdpjblfdrh57nafd3sfabcsgr3fstq",
          "defined_tags": {
            "DevRel\\terraform-oci-cloudbricks-network-artifacts-859e.release": "1.0"
          },
          "dhcp_options_id": "ocid1.dhcpoptions.oc1.sa-santiago-1.aaaaaaaa6ymohtsttpbwf4gfb65opl64xyu65pxnvhpqbbubhuypsnarx3nq",
          "display_name": "HUB01_pubsn02",
          "dns_label": "hub01pubsn02",
          "freeform_tags": {},
          "id": "ocid1.subnet.oc1.sa-santiago-1.aaaaaaaax7hnmkquii363te3iovgr5stpesu3mr3mus2rs5wcvjtoiuhhrta",
          "ipv6cidr_block": null,
          "ipv6virtual_router_ip": null,
          "prohibit_internet_ingress": false,
          "prohibit_public_ip_on_vnic": false,
          "route_table_id": "ocid1.routetable.oc1.sa-santiago-1.aaaaaaaaqovs7f724avbysuc37uguzm2eocrgddlqqf252jzaolo7gkugotq",
          "security_list_ids": [
            "ocid1.securitylist.oc1.sa-santiago-1.aaaaaaaacukhcwhvypiefhqwpjhstuisw7iidt5whe4damzrufczsy6mpaga"
          ],
          "state": "AVAILABLE",
          "subnet_domain_name": "hub01pubsn02.hub01vcnterrafo.oraclevcn.com",
          "time_created": "2021-07-23 16:24:07.669 +0000 UTC",
          "timeouts": null,
          "vcn_id": "ocid1.vcn.oc1.sa-santiago-1.amaaaaaatwfhi7yaeh6ofbh5dk3qithw6jzm4oe5evcpeu6ve3falk6pt6ba",
          "virtual_router_ip": "10.0.8.1",
          "virtual_router_mac": "00:00:17:5E:BC:1D"
        },
        "HUB01_pubsn03": {
          "availability_domain": null,
          "cidr_block": "10.0.10.0/23",
          "compartment_id": "ocid1.compartment.oc1..aaaaaaaa57dcr5tauzvhraxlnhstl3fdpjblfdrh57nafd3sfabcsgr3fstq",
          "defined_tags": {
            "DevRel\\terraform-oci-cloudbricks-network-artifacts-859e.release": "1.0"
          },
          "dhcp_options_id": "ocid1.dhcpoptions.oc1.sa-santiago-1.aaaaaaaa6ymohtsttpbwf4gfb65opl64xyu65pxnvhpqbbubhuypsnarx3nq",
          "display_name": "HUB01_pubsn03",
          "dns_label": "hub01pubsn03",
          "freeform_tags": {},
          "id": "ocid1.subnet.oc1.sa-santiago-1.aaaaaaaa52hrxdhcxxsv4b43ufx7vmk3kggw2mavit4mknpe6yqikfzwr3za",
          "ipv6cidr_block": null,
          "ipv6virtual_router_ip": null,
          "prohibit_internet_ingress": false,
          "prohibit_public_ip_on_vnic": false,
          "route_table_id": "ocid1.routetable.oc1.sa-santiago-1.aaaaaaaaqovs7f724avbysuc37uguzm2eocrgddlqqf252jzaolo7gkugotq",
          "security_list_ids": [
            "ocid1.securitylist.oc1.sa-santiago-1.aaaaaaaacukhcwhvypiefhqwpjhstuisw7iidt5whe4damzrufczsy6mpaga"
          ],
          "state": "AVAILABLE",
          "subnet_domain_name": "hub01pubsn03.hub01vcnterrafo.oraclevcn.com",
          "time_created": "2021-07-23 16:24:11.38 +0000 UTC",
          "timeouts": null,
          "vcn_id": "ocid1.vcn.oc1.sa-santiago-1.amaaaaaatwfhi7yaeh6ofbh5dk3qithw6jzm4oe5evcpeu6ve3falk6pt6ba",
          "virtual_router_ip": "10.0.10.1",
          "virtual_router_mac": "00:00:17:5E:BC:1D"
        }
      },
      "type": [
        "object",
        {
          "HUB01_pubsn01": [
            "object",
            {
              "availability_domain": "string",
              "cidr_block": "string",
              "compartment_id": "string",
              "defined_tags": [
                "map",
                "string"
              ],
              "dhcp_options_id": "string",
              "display_name": "string",
              "dns_label": "string",
              "freeform_tags": [
                "map",
                "string"
              ],
              "id": "string",
              "ipv6cidr_block": "string",
              "ipv6virtual_router_ip": "string",
              "prohibit_internet_ingress": "bool",
              "prohibit_public_ip_on_vnic": "bool",
              "route_table_id": "string",
              "security_list_ids": [
                "set",
                "string"
              ],
              "state": "string",
              "subnet_domain_name": "string",
              "time_created": "string",
              "timeouts": [
                "object",
                {
                  "create": "string",
                  "delete": "string",
                  "update": "string"
                }
              ],
              "vcn_id": "string",
              "virtual_router_ip": "string",
              "virtual_router_mac": "string"
            }
          ],
          "HUB01_pubsn02": [
            "object",
            {
              "availability_domain": "string",
              "cidr_block": "string",
              "compartment_id": "string",
              "defined_tags": [
                "map",
                "string"
              ],
              "dhcp_options_id": "string",
              "display_name": "string",
              "dns_label": "string",
              "freeform_tags": [
                "map",
                "string"
              ],
              "id": "string",
              "ipv6cidr_block": "string",
              "ipv6virtual_router_ip": "string",
              "prohibit_internet_ingress": "bool",
              "prohibit_public_ip_on_vnic": "bool",
              "route_table_id": "string",
              "security_list_ids": [
                "set",
                "string"
              ],
              "state": "string",
              "subnet_domain_name": "string",
              "time_created": "string",
              "timeouts": [
                "object",
                {
                  "create": "string",
                  "delete": "string",
                  "update": "string"
                }
              ],
              "vcn_id": "string",
              "virtual_router_ip": "string",
              "virtual_router_mac": "string"
            }
          ],
          "HUB01_pubsn03": [
            "object",
            {
              "availability_domain": "string",
              "cidr_block": "string",
              "compartment_id": "string",
              "defined_tags": [
                "map",
                "string"
              ],
              "dhcp_options_id": "string",
              "display_name": "string",
              "dns_label": "string",
              "freeform_tags": [
                "map",
                "string"
              ],
              "id": "string",
              "ipv6cidr_block": "string",
              "ipv6virtual_router_ip": "string",
              "prohibit_internet_ingress": "bool",
              "prohibit_public_ip_on_vnic": "bool",
              "route_table_id": "string",
              "security_list_ids": [
                "set",
                "string"
              ],
              "state": "string",
              "subnet_domain_name": "string",
              "time_created": "string",
              "timeouts": [
                "object",
                {
                  "create": "string",
                  "delete": "string",
                  "update": "string"
                }
              ],
              "vcn_id": "string",
              "virtual_router_ip": "string",
              "virtual_router_mac": "string"
            }
          ]
        }
      ]
    },
    "service_gateway": {
      "value": {
        "block_traffic": false,
        "compartment_id": "ocid1.compartment.oc1..aaaaaaaa57dcr5tauzvhraxlnhstl3fdpjblfdrh57nafd3sfabcsgr3fstq",
        "defined_tags": {
          "DevRel\\terraform-oci-cloudbricks-network-artifacts-859e.release": "1.0"
        },
        "display_name": "HUB01_SVC_GW",
        "freeform_tags": {},
        "id": "ocid1.servicegateway.oc1.sa-santiago-1.aaaaaaaaq7dux6tgjcs5uzx4mmcdvda3fxf36z4verza5cluocuiaghcq2sa",
        "route_table_id": null,
        "services": [
          {
            "service_id": "ocid1.service.oc1.sa-santiago-1.aaaaaaaach6u6ghjdp4auyfy35p6jguc5w2ewnr2gwfa4yq6qsemlewv2ydq",
            "service_name": "All SCL Services In Oracle Services Network"
          }
        ],
        "state": "AVAILABLE",
        "time_created": "2021-07-23 16:24:06.234 +0000 UTC",
        "timeouts": null,
        "vcn_id": "ocid1.vcn.oc1.sa-santiago-1.amaaaaaatwfhi7yaeh6ofbh5dk3qithw6jzm4oe5evcpeu6ve3falk6pt6ba"
      },
      "type": [
        "object",
        {
          "block_traffic": "bool",
          "compartment_id": "string",
          "defined_tags": [
            "map",
            "string"
          ],
          "display_name": "string",
          "freeform_tags": [
            "map",
            "string"
          ],
          "id": "string",
          "route_table_id": "string",
          "services": [
            "set",
            [
              "object",
              {
                "service_id": "string",
                "service_name": "string"
              }
            ]
          ],
          "state": "string",
          "time_created": "string",
          "timeouts": [
            "object",
            {
              "create": "string",
              "delete": "string",
              "update": "string"
            }
          ],
          "vcn_id": "string"
        }
      ]
    },
    "vcn": {
      "value": {
        "cidr_block": "10.0.0.0/16",
        "cidr_blocks": [
          "10.0.0.0/16"
        ],
        "compartment_id": "ocid1.compartment.oc1..aaaaaaaa57dcr5tauzvhraxlnhstl3fdpjblfdrh57nafd3sfabcsgr3fstq",
        "default_dhcp_options_id": "ocid1.dhcpoptions.oc1.sa-santiago-1.aaaaaaaa2u73b4pabh7zktxjde6zfdwjxignalraj3xbv2umii36de6e2o3q",
        "default_route_table_id": "ocid1.routetable.oc1.sa-santiago-1.aaaaaaaafruq7sdch7mzf3ixcttur3qugnea36tgqpwz2bfqw52koz2f6lda",
        "default_security_list_id": "ocid1.securitylist.oc1.sa-santiago-1.aaaaaaaaygb5nwfo7zzi6b4j4abilw2ytlc7mtrdu2abtzvdznqr3ryskggq",
        "defined_tags": {
          "DevRel\\terraform-oci-cloudbricks-network-artifacts-859e.release": "1.0"
        },
        "display_name": "HUB01_VCN_Terraform",
        "dns_label": "hub01vcnterrafo",
        "freeform_tags": {},
        "id": "ocid1.vcn.oc1.sa-santiago-1.amaaaaaatwfhi7yaeh6ofbh5dk3qithw6jzm4oe5evcpeu6ve3falk6pt6ba",
        "ipv6cidr_blocks": [],
        "is_ipv6enabled": false,
        "state": "AVAILABLE",
        "time_created": "2021-07-23 16:24:05.205 +0000 UTC",
        "timeouts": null,
        "vcn_domain_name": "hub01vcnterrafo.oraclevcn.com"
      },
      "type": [
        "object",
        {
          "cidr_block": "string",
          "cidr_blocks": [
            "list",
            "string"
          ],
          "compartment_id": "string",
          "default_dhcp_options_id": "string",
          "default_route_table_id": "string",
          "default_security_list_id": "string",
          "defined_tags": [
            "map",
            "string"
          ],
          "display_name": "string",
          "dns_label": "string",
          "freeform_tags": [
            "map",
            "string"
          ],
          "id": "string",
          "ipv6cidr_blocks": [
            "list",
            "string"
          ],
          "is_ipv6enabled": "bool",
          "state": "string",
          "time_created": "string",
          "timeouts": [
            "object",
            {
              "create": "string",
              "delete": "string",
              "update": "string"
            }
          ],
          "vcn_domain_name": "string"
        }
      ]
    }
  },
  "resources": [
    {
      "mode": "data",
      "type": "oci_core_local_peering_gateways",
      "name": "PEERLPG",
      "provider": "provider[\"registry.terraform.io/hashicorp/oci\"]",
      "instances": [
        {
          "schema_version": 0,
          "attributes": {
            "compartment_id": "ocid1.compartment.oc1..aaaaaaaa57dcr5tauzvhraxlnhstl3fdpjblfdrh57nafd3sfabcsgr3fstq",
            "filter": [
              {
                "name": "display_name",
                "regex": false,
                "values": [
                  ""
                ]
              }
            ],
            "id": "CoreLocalPeeringGatewaysDataSource-3534021513",
            "local_peering_gateways": [],
            "vcn_id": null
          },
          "sensitive_attributes": []
        }
      ]
    },
    {
      "mode": "data",
      "type": "oci_core_services",
      "name": "ALLSERVICES",
      "provider": "provider[\"registry.terraform.io/hashicorp/oci\"]",
      "instances": [
        {
          "schema_version": 0,
          "attributes": {
            "filter": [
              {
                "name": "name",
                "regex": true,
                "values": [
                  "All .* Services In Oracle Services Network"
                ]
              }
            ],
            "id": "CoreServicesDataSource-0",
            "services": [
              {
                "cidr_block": "all-scl-services-in-oracle-services-network",
                "description": "All SCL Services In Oracle Services Network",
                "id": "ocid1.service.oc1.sa-santiago-1.aaaaaaaach6u6ghjdp4auyfy35p6jguc5w2ewnr2gwfa4yq6qsemlewv2ydq",
                "name": "All SCL Services In Oracle Services Network"
              }
            ]
          },
          "sensitive_attributes": []
        }
      ]
    },
    {
      "mode": "data",
      "type": "oci_core_services",
      "name": "STORAGESERVICES",
      "provider": "provider[\"registry.terraform.io/hashicorp/oci\"]",
      "instances": [
        {
          "schema_version": 0,
          "attributes": {
            "filter": [
              {
                "name": "name",
                "regex": true,
                "values": [
                  "OCI *"
                ]
              }
            ],
            "id": "CoreServicesDataSource-0",
            "services": [
              {
                "cidr_block": "oci-scl-objectstorage",
                "description": "OCI SCL Object Storage",
                "id": "ocid1.service.oc1.sa-santiago-1.aaaaaaaat5yj74utiz4japewkbtswqh5v7hjmymmwk6tvqsybvamfcovcorq",
                "name": "OCI SCL Object Storage"
              }
            ]
          },
          "sensitive_attributes": []
        }
      ]
    },
    {
      "mode": "data",
      "type": "oci_core_vcns",
      "name": "PEEREDVCN",
      "provider": "provider[\"registry.terraform.io/hashicorp/oci\"]",
      "instances": [
        {
          "schema_version": 0,
          "attributes": {
            "compartment_id": "ocid1.compartment.oc1..aaaaaaaa57dcr5tauzvhraxlnhstl3fdpjblfdrh57nafd3sfabcsgr3fstq",
            "display_name": null,
            "filter": [
              {
                "name": "display_name",
                "regex": false,
                "values": [
                  ""
                ]
              }
            ],
            "id": "CoreVcnsDataSource-3534021513",
            "state": null,
            "virtual_networks": []
          },
          "sensitive_attributes": []
        }
      ]
    },
    {
      "mode": "data",
      "type": "oci_identity_compartments",
      "name": "NWCOMPARTMENTS",
      "provider": "provider[\"registry.terraform.io/hashicorp/oci\"]",
      "instances": [
        {
          "schema_version": 0,
          "attributes": {
            "access_level": null,
            "compartment_id": "ocid1.tenancy.oc1..aaaaaaaaoqdygmiidrabhv3y4hkr3rb3z6dpmgotvq2scffra6jt7rubresa",
            "compartment_id_in_subtree": true,
            "compartments": [
              {
                "compartment_id": "ocid1.compartment.oc1..aaaaaaaalx77hsir4r2kc36twf3f3twf3ff3b5jtam7wbe5jmtq3bjzvjgzq",
                "defined_tags": {},
                "description": "Compartment where network resides at",
                "enable_delete": false,
                "freeform_tags": {},
                "id": "ocid1.compartment.oc1..aaaaaaaa57dcr5tauzvhraxlnhstl3fdpjblfdrh57nafd3sfabcsgr3fstq",
                "inactive_state": "",
                "is_accessible": false,
                "name": "DALQUINT_HUB_Network",
                "state": "ACTIVE",
                "time_created": "2021-04-26 22:03:22.46 +0000 UTC"
              }
            ],
            "filter": [
              {
                "name": "name",
                "regex": false,
                "values": [
                  "DALQUINT_HUB_Network"
                ]
              }
            ],
            "id": "IdentityCompartmentsDataSource-828746385",
            "name": null,
            "state": null
          },
          "sensitive_attributes": []
        }
      ]
    },
    {
      "mode": "data",
      "type": "oci_identity_compartments",
      "name": "PEEREDNWCOMPARTMENTS",
      "provider": "provider[\"registry.terraform.io/hashicorp/oci\"]",
      "instances": [
        {
          "schema_version": 0,
          "attributes": {
            "access_level": null,
            "compartment_id": "ocid1.tenancy.oc1..aaaaaaaaoqdygmiidrabhv3y4hkr3rb3z6dpmgotvq2scffra6jt7rubresa",
            "compartment_id_in_subtree": true,
            "compartments": [],
            "filter": [
              {
                "name": "name",
                "regex": false,
                "values": [
                  ""
                ]
              }
            ],
            "id": "IdentityCompartmentsDataSource-828746385",
            "name": null,
            "state": null
          },
          "sensitive_attributes": []
        }
      ]
    },
    {
      "mode": "data",
      "type": "oci_identity_region_subscriptions",
      "name": "home_region_subscriptions",
      "provider": "provider[\"registry.terraform.io/hashicorp/oci\"]",
      "instances": [
        {
          "schema_version": 0,
          "attributes": {
            "filter": [
              {
                "name": "is_home_region",
                "regex": false,
                "values": [
                  "true"
                ]
              }
            ],
            "id": "IdentityRegionSubscriptionsDataSource-3612667345",
            "region_subscriptions": [
              {
                "is_home_region": true,
                "region_key": "IAD",
                "region_name": "us-ashburn-1",
                "state": "READY",
                "tenancy_id": ""
              }
            ],
            "tenancy_id": "ocid1.tenancy.oc1..aaaaaaaaoqdygmiidrabhv3y4hkr3rb3z6dpmgotvq2scffra6jt7rubresa"
          },
          "sensitive_attributes": []
        }
      ]
    },
    {
      "mode": "managed",
      "type": "oci_core_dhcp_options",
      "name": "DHCPOptions",
      "provider": "provider[\"registry.terraform.io/hashicorp/oci\"]",
      "instances": [
        {
          "schema_version": 0,
          "attributes": {
            "compartment_id": "ocid1.compartment.oc1..aaaaaaaa57dcr5tauzvhraxlnhstl3fdpjblfdrh57nafd3sfabcsgr3fstq",
            "defined_tags": {
              "DevRel\\terraform-oci-cloudbricks-network-artifacts-859e.release": "1.0"
            },
            "display_name": "HUB01_DHCP_Options",
            "domain_name_type": "CUSTOM_DOMAIN",
            "freeform_tags": {},
            "id": "ocid1.dhcpoptions.oc1.sa-santiago-1.aaaaaaaa6ymohtsttpbwf4gfb65opl64xyu65pxnvhpqbbubhuypsnarx3nq",
            "options": [
              {
                "custom_dns_servers": [],
                "search_domain_names": [
                  "test.com"
                ],
                "server_type": "",
                "type": "SearchDomain"
              },
              {
                "custom_dns_servers": [],
                "search_domain_names": [],
                "server_type": "VcnLocalPlusInternet",
                "type": "DomainNameServer"
              }
            ],
            "state": "AVAILABLE",
            "time_created": "2021-07-23 16:24:05.816 +0000 UTC",
            "timeouts": null,
            "vcn_id": "ocid1.vcn.oc1.sa-santiago-1.amaaaaaatwfhi7yaeh6ofbh5dk3qithw6jzm4oe5evcpeu6ve3falk6pt6ba"
          },
          "sensitive_attributes": [],
          "private": "eyJlMmJmYjczMC1lY2FhLTExZTYtOGY4OC0zNDM2M2JjN2M0YzAiOnsiY3JlYXRlIjoxMjAwMDAwMDAwMDAwLCJkZWxldGUiOjEyMDAwMDAwMDAwMDAsInVwZGF0ZSI6MTIwMDAwMDAwMDAwMH19",
          "dependencies": [
            "random_id.tag",
            "data.oci_identity_compartments.NWCOMPARTMENTS",
            "data.oci_identity_region_subscriptions.home_region_subscriptions",
            "oci_core_vcn.VCN",
            "oci_identity_tag.release",
            "oci_identity_tag_namespace.devrel"
          ]
        }
      ]
    },
    {
      "mode": "managed",
      "type": "oci_core_internet_gateway",
      "name": "INETGateway",
      "provider": "provider[\"registry.terraform.io/hashicorp/oci\"]",
      "instances": [
        {
          "schema_version": 0,
          "attributes": {
            "compartment_id": "ocid1.compartment.oc1..aaaaaaaa57dcr5tauzvhraxlnhstl3fdpjblfdrh57nafd3sfabcsgr3fstq",
            "defined_tags": {
              "DevRel\\terraform-oci-cloudbricks-network-artifacts-859e.release": "1.0"
            },
            "display_name": "HUB01_INET_GW",
            "enabled": true,
            "freeform_tags": {},
            "id": "ocid1.internetgateway.oc1.sa-santiago-1.aaaaaaaacwdqyo3iycbca3vvsy2rktaffkeploprdcutf37ddp5u6bpldsoq",
            "state": "AVAILABLE",
            "time_created": "2021-07-23 16:24:05.784 +0000 UTC",
            "timeouts": null,
            "vcn_id": "ocid1.vcn.oc1.sa-santiago-1.amaaaaaatwfhi7yaeh6ofbh5dk3qithw6jzm4oe5evcpeu6ve3falk6pt6ba"
          },
          "sensitive_attributes": [],
          "private": "eyJlMmJmYjczMC1lY2FhLTExZTYtOGY4OC0zNDM2M2JjN2M0YzAiOnsiY3JlYXRlIjoxMjAwMDAwMDAwMDAwLCJkZWxldGUiOjEyMDAwMDAwMDAwMDAsInVwZGF0ZSI6MTIwMDAwMDAwMDAwMH19",
          "dependencies": [
            "data.oci_identity_compartments.NWCOMPARTMENTS",
            "data.oci_identity_region_subscriptions.home_region_subscriptions",
            "oci_core_vcn.VCN",
            "oci_identity_tag.release",
            "oci_identity_tag_namespace.devrel",
            "random_id.tag"
          ]
        }
      ]
    },
    {
      "mode": "managed",
      "type": "oci_core_local_peering_gateway",
      "name": "LocalPeeringGateway",
      "provider": "provider[\"registry.terraform.io/hashicorp/oci\"]",
      "instances": [
        {
          "index_key": 0,
          "schema_version": 0,
          "attributes": {
            "compartment_id": "ocid1.compartment.oc1..aaaaaaaa57dcr5tauzvhraxlnhstl3fdpjblfdrh57nafd3sfabcsgr3fstq",
            "defined_tags": {
              "DevRel\\terraform-oci-cloudbricks-network-artifacts-859e.release": "1.0"
            },
            "display_name": "HUB01_LPG01",
            "freeform_tags": {},
            "id": "ocid1.localpeeringgateway.oc1.sa-santiago-1.aaaaaaaanq7mb5wrzbl6igb3rklg4wugbhl6wx76yducb3jl44ra4lfxvpta",
            "is_cross_tenancy_peering": false,
            "peer_advertised_cidr": null,
            "peer_advertised_cidr_details": [],
            "peer_id": null,
            "peering_status": "NEW",
            "peering_status_details": "Not connected to a peer.",
            "route_table_id": null,
            "state": "AVAILABLE",
            "time_created": "2021-07-23 16:24:05.82 +0000 UTC",
            "timeouts": null,
            "vcn_id": "ocid1.vcn.oc1.sa-santiago-1.amaaaaaatwfhi7yaeh6ofbh5dk3qithw6jzm4oe5evcpeu6ve3falk6pt6ba"
          },
          "sensitive_attributes": [],
          "private": "eyJlMmJmYjczMC1lY2FhLTExZTYtOGY4OC0zNDM2M2JjN2M0YzAiOnsiY3JlYXRlIjoxMjAwMDAwMDAwMDAwLCJkZWxldGUiOjEyMDAwMDAwMDAwMDAsInVwZGF0ZSI6MTIwMDAwMDAwMDAwMH19",
          "dependencies": [
            "data.oci_identity_compartments.PEEREDNWCOMPARTMENTS",
            "data.oci_identity_region_subscriptions.home_region_subscriptions",
            "oci_core_vcn.VCN",
            "oci_identity_tag_namespace.devrel",
            "data.oci_core_local_peering_gateways.PEERLPG",
            "data.oci_core_vcns.PEEREDVCN",
            "data.oci_identity_compartments.NWCOMPARTMENTS",
            "oci_identity_tag.release",
            "random_id.tag"
          ]
        }
      ]
    },
    {
      "mode": "managed",
      "type": "oci_core_nat_gateway",
      "name": "NATGateway",
      "provider": "provider[\"registry.terraform.io/hashicorp/oci\"]",
      "instances": [
        {
          "schema_version": 0,
          "attributes": {
            "block_traffic": false,
            "compartment_id": "ocid1.compartment.oc1..aaaaaaaa57dcr5tauzvhraxlnhstl3fdpjblfdrh57nafd3sfabcsgr3fstq",
            "defined_tags": {
              "DevRel\\terraform-oci-cloudbricks-network-artifacts-859e.release": "1.0"
            },
            "display_name": "HUB01_NAT_GW",
            "freeform_tags": {},
            "id": "ocid1.natgateway.oc1.sa-santiago-1.aaaaaaaa4iw35adjopm2wavezh7zunl24m3on6aioac4gmqta3xyrfcgn67a",
            "nat_ip": "129.151.103.26",
            "public_ip_id": "ocid1.publicip.oc1.sa-santiago-1.aaaaaaaabsv6agax4dh6tel6hfwa3qxu2vfug2nio7uvdiwv43euluvgmvoq",
            "state": "AVAILABLE",
            "time_created": "2021-07-23 16:24:06.072 +0000 UTC",
            "timeouts": null,
            "vcn_id": "ocid1.vcn.oc1.sa-santiago-1.amaaaaaatwfhi7yaeh6ofbh5dk3qithw6jzm4oe5evcpeu6ve3falk6pt6ba"
          },
          "sensitive_attributes": [],
          "private": "eyJlMmJmYjczMC1lY2FhLTExZTYtOGY4OC0zNDM2M2JjN2M0YzAiOnsiY3JlYXRlIjoxMjAwMDAwMDAwMDAwLCJkZWxldGUiOjEyMDAwMDAwMDAwMDAsInVwZGF0ZSI6MTIwMDAwMDAwMDAwMH19",
          "dependencies": [
            "oci_identity_tag.release",
            "oci_identity_tag_namespace.devrel",
            "random_id.tag",
            "data.oci_identity_compartments.NWCOMPARTMENTS",
            "data.oci_identity_region_subscriptions.home_region_subscriptions",
            "oci_core_vcn.VCN"
          ]
        }
      ]
    },
    {
      "mode": "managed",
      "type": "oci_core_route_table",
      "name": "PrivateRouteTable",
      "provider": "provider[\"registry.terraform.io/hashicorp/oci\"]",
      "instances": [
        {
          "schema_version": 0,
          "attributes": {
            "compartment_id": "ocid1.compartment.oc1..aaaaaaaa57dcr5tauzvhraxlnhstl3fdpjblfdrh57nafd3sfabcsgr3fstq",
            "defined_tags": {
              "DevRel\\terraform-oci-cloudbricks-network-artifacts-859e.release": "1.0"
            },
            "display_name": "HUB01_pvt_hub_rt",
            "freeform_tags": {},
            "id": "ocid1.routetable.oc1.sa-santiago-1.aaaaaaaaxd2zg4mwcjgdhnbdr5xtubuq63v6iy2wc45qmht2pq34stzref2a",
            "route_rules": [
              {
                "cidr_block": "",
                "description": "NAT Gateway default route",
                "destination": "0.0.0.0/0",
                "destination_type": "CIDR_BLOCK",
                "network_entity_id": "ocid1.natgateway.oc1.sa-santiago-1.aaaaaaaa4iw35adjopm2wavezh7zunl24m3on6aioac4gmqta3xyrfcgn67a"
              },
              {
                "cidr_block": "",
                "description": "Service Gateway default route",
                "destination": "all-scl-services-in-oracle-services-network",
                "destination_type": "SERVICE_CIDR_BLOCK",
                "network_entity_id": "ocid1.servicegateway.oc1.sa-santiago-1.aaaaaaaaq7dux6tgjcs5uzx4mmcdvda3fxf36z4verza5cluocuiaghcq2sa"
              }
            ],
            "state": "AVAILABLE",
            "time_created": "2021-07-23 16:24:07.29 +0000 UTC",
            "timeouts": null,
            "vcn_id": "ocid1.vcn.oc1.sa-santiago-1.amaaaaaatwfhi7yaeh6ofbh5dk3qithw6jzm4oe5evcpeu6ve3falk6pt6ba"
          },
          "sensitive_attributes": [],
          "private": "eyJlMmJmYjczMC1lY2FhLTExZTYtOGY4OC0zNDM2M2JjN2M0YzAiOnsiY3JlYXRlIjoxMjAwMDAwMDAwMDAwLCJkZWxldGUiOjEyMDAwMDAwMDAwMDAsInVwZGF0ZSI6MTIwMDAwMDAwMDAwMH19",
          "dependencies": [
            "random_id.tag",
            "data.oci_identity_region_subscriptions.home_region_subscriptions",
            "oci_core_nat_gateway.NATGateway",
            "oci_core_service_gateway.PrivateServiceGateway",
            "oci_identity_tag.release",
            "oci_identity_tag_namespace.devrel",
            "data.oci_core_services.ALLSERVICES",
            "data.oci_identity_compartments.NWCOMPARTMENTS",
            "oci_core_vcn.VCN"
          ]
        }
      ]
    },
    {
      "mode": "managed",
      "type": "oci_core_route_table",
      "name": "PublicRouteTable",
      "provider": "provider[\"registry.terraform.io/hashicorp/oci\"]",
      "instances": [
        {
          "schema_version": 0,
          "attributes": {
            "compartment_id": "ocid1.compartment.oc1..aaaaaaaa57dcr5tauzvhraxlnhstl3fdpjblfdrh57nafd3sfabcsgr3fstq",
            "defined_tags": {
              "DevRel\\terraform-oci-cloudbricks-network-artifacts-859e.release": "1.0"
            },
            "display_name": "HUB01_pub_hub_rt",
            "freeform_tags": {},
            "id": "ocid1.routetable.oc1.sa-santiago-1.aaaaaaaaqovs7f724avbysuc37uguzm2eocrgddlqqf252jzaolo7gkugotq",
            "route_rules": [
              {
                "cidr_block": "",
                "description": "Route entry for Internet Gateway",
                "destination": "0.0.0.0/0",
                "destination_type": "CIDR_BLOCK",
                "network_entity_id": "ocid1.internetgateway.oc1.sa-santiago-1.aaaaaaaacwdqyo3iycbca3vvsy2rktaffkeploprdcutf37ddp5u6bpldsoq"
              },
              {
                "cidr_block": "",
                "description": "Service Gateway default route",
                "destination": "oci-scl-objectstorage",
                "destination_type": "SERVICE_CIDR_BLOCK",
                "network_entity_id": "ocid1.servicegateway.oc1.sa-santiago-1.aaaaaaaaq7dux6tgjcs5uzx4mmcdvda3fxf36z4verza5cluocuiaghcq2sa"
              }
            ],
            "state": "AVAILABLE",
            "time_created": "2021-07-23 16:24:06.863 +0000 UTC",
            "timeouts": null,
            "vcn_id": "ocid1.vcn.oc1.sa-santiago-1.amaaaaaatwfhi7yaeh6ofbh5dk3qithw6jzm4oe5evcpeu6ve3falk6pt6ba"
          },
          "sensitive_attributes": [],
          "private": "eyJlMmJmYjczMC1lY2FhLTExZTYtOGY4OC0zNDM2M2JjN2M0YzAiOnsiY3JlYXRlIjoxMjAwMDAwMDAwMDAwLCJkZWxldGUiOjEyMDAwMDAwMDAwMDAsInVwZGF0ZSI6MTIwMDAwMDAwMDAwMH19",
          "dependencies": [
            "data.oci_identity_region_subscriptions.home_region_subscriptions",
            "oci_core_vcn.VCN",
            "random_id.tag",
            "data.oci_core_services.ALLSERVICES",
            "data.oci_core_services.STORAGESERVICES",
            "data.oci_identity_compartments.NWCOMPARTMENTS",
            "oci_identity_tag_namespace.devrel",
            "oci_core_internet_gateway.INETGateway",
            "oci_core_service_gateway.PrivateServiceGateway",
            "oci_identity_tag.release"
          ]
        }
      ]
    },
    {
      "mode": "managed",
      "type": "oci_core_security_list",
      "name": "PrivateSecurityList",
      "provider": "provider[\"registry.terraform.io/hashicorp/oci\"]",
      "instances": [
        {
          "schema_version": 0,
          "attributes": {
            "compartment_id": "ocid1.compartment.oc1..aaaaaaaa57dcr5tauzvhraxlnhstl3fdpjblfdrh57nafd3sfabcsgr3fstq",
            "defined_tags": {
              "DevRel\\terraform-oci-cloudbricks-network-artifacts-859e.release": "1.0"
            },
            "display_name": "HUB01_pvt_hub_sl",
            "egress_security_rules": [
              {
                "description": "All egress rule for all protocols and IP Addresses",
                "destination": "0.0.0.0/0",
                "destination_type": "CIDR_BLOCK",
                "icmp_options": [],
                "protocol": "all",
                "stateless": true,
                "tcp_options": [],
                "udp_options": []
              }
            ],
            "freeform_tags": {},
            "id": "ocid1.securitylist.oc1.sa-santiago-1.aaaaaaaar55tlvqnlxztgzdk2zl5hgl75sxmko42dsh22m6z6s53ivhqjhba",
            "ingress_security_rules": [
              {
                "description": "All traffic in for private security List",
                "icmp_options": [],
                "protocol": "all",
                "source": "0.0.0.0/0",
                "source_type": "CIDR_BLOCK",
                "stateless": true,
                "tcp_options": [],
                "udp_options": []
              }
            ],
            "state": "AVAILABLE",
            "time_created": "2021-07-23 16:24:05.831 +0000 UTC",
            "timeouts": null,
            "vcn_id": "ocid1.vcn.oc1.sa-santiago-1.amaaaaaatwfhi7yaeh6ofbh5dk3qithw6jzm4oe5evcpeu6ve3falk6pt6ba"
          },
          "sensitive_attributes": [],
          "private": "eyJlMmJmYjczMC1lY2FhLTExZTYtOGY4OC0zNDM2M2JjN2M0YzAiOnsiY3JlYXRlIjoxMjAwMDAwMDAwMDAwLCJkZWxldGUiOjEyMDAwMDAwMDAwMDAsInVwZGF0ZSI6MTIwMDAwMDAwMDAwMH19",
          "dependencies": [
            "data.oci_identity_compartments.NWCOMPARTMENTS",
            "data.oci_identity_region_subscriptions.home_region_subscriptions",
            "oci_core_vcn.VCN",
            "oci_identity_tag.release",
            "oci_identity_tag_namespace.devrel"
          ]
        }
      ]
    },
    {
      "mode": "managed",
      "type": "oci_core_security_list",
      "name": "PublicSecurityList",
      "provider": "provider[\"registry.terraform.io/hashicorp/oci\"]",
      "instances": [
        {
          "schema_version": 0,
          "attributes": {
            "compartment_id": "ocid1.compartment.oc1..aaaaaaaa57dcr5tauzvhraxlnhstl3fdpjblfdrh57nafd3sfabcsgr3fstq",
            "defined_tags": {
              "DevRel\\terraform-oci-cloudbricks-network-artifacts-859e.release": "1.0"
            },
            "display_name": "HUB01_pub_hub_sl",
            "egress_security_rules": [
              {
                "description": "All egress rule for all protocols and IP Addresses",
                "destination": "0.0.0.0/0",
                "destination_type": "CIDR_BLOCK",
                "icmp_options": [],
                "protocol": "all",
                "stateless": true,
                "tcp_options": [],
                "udp_options": []
              }
            ],
            "freeform_tags": {},
            "id": "ocid1.securitylist.oc1.sa-santiago-1.aaaaaaaacukhcwhvypiefhqwpjhstuisw7iidt5whe4damzrufczsy6mpaga",
            "ingress_security_rules": [
              {
                "description": "All traffic in for Public Security List",
                "icmp_options": [],
                "protocol": "all",
                "source": "0.0.0.0/0",
                "source_type": "CIDR_BLOCK",
                "stateless": true,
                "tcp_options": [],
                "udp_options": []
              }
            ],
            "state": "AVAILABLE",
            "time_created": "2021-07-23 16:24:05.829 +0000 UTC",
            "timeouts": null,
            "vcn_id": "ocid1.vcn.oc1.sa-santiago-1.amaaaaaatwfhi7yaeh6ofbh5dk3qithw6jzm4oe5evcpeu6ve3falk6pt6ba"
          },
          "sensitive_attributes": [],
          "private": "eyJlMmJmYjczMC1lY2FhLTExZTYtOGY4OC0zNDM2M2JjN2M0YzAiOnsiY3JlYXRlIjoxMjAwMDAwMDAwMDAwLCJkZWxldGUiOjEyMDAwMDAwMDAwMDAsInVwZGF0ZSI6MTIwMDAwMDAwMDAwMH19",
          "dependencies": [
            "data.oci_identity_compartments.NWCOMPARTMENTS",
            "data.oci_identity_region_subscriptions.home_region_subscriptions",
            "oci_core_vcn.VCN",
            "oci_identity_tag.release",
            "oci_identity_tag_namespace.devrel"
          ]
        }
      ]
    },
    {
      "mode": "managed",
      "type": "oci_core_service_gateway",
      "name": "PrivateServiceGateway",
      "provider": "provider[\"registry.terraform.io/hashicorp/oci\"]",
      "instances": [
        {
          "schema_version": 0,
          "attributes": {
            "block_traffic": false,
            "compartment_id": "ocid1.compartment.oc1..aaaaaaaa57dcr5tauzvhraxlnhstl3fdpjblfdrh57nafd3sfabcsgr3fstq",
            "defined_tags": {
              "DevRel\\terraform-oci-cloudbricks-network-artifacts-859e.release": "1.0"
            },
            "display_name": "HUB01_SVC_GW",
            "freeform_tags": {},
            "id": "ocid1.servicegateway.oc1.sa-santiago-1.aaaaaaaaq7dux6tgjcs5uzx4mmcdvda3fxf36z4verza5cluocuiaghcq2sa",
            "route_table_id": null,
            "services": [
              {
                "service_id": "ocid1.service.oc1.sa-santiago-1.aaaaaaaach6u6ghjdp4auyfy35p6jguc5w2ewnr2gwfa4yq6qsemlewv2ydq",
                "service_name": "All SCL Services In Oracle Services Network"
              }
            ],
            "state": "AVAILABLE",
            "time_created": "2021-07-23 16:24:06.234 +0000 UTC",
            "timeouts": null,
            "vcn_id": "ocid1.vcn.oc1.sa-santiago-1.amaaaaaatwfhi7yaeh6ofbh5dk3qithw6jzm4oe5evcpeu6ve3falk6pt6ba"
          },
          "sensitive_attributes": [],
          "private": "eyJlMmJmYjczMC1lY2FhLTExZTYtOGY4OC0zNDM2M2JjN2M0YzAiOnsiY3JlYXRlIjoxMjAwMDAwMDAwMDAwLCJkZWxldGUiOjEyMDAwMDAwMDAwMDAsInVwZGF0ZSI6MTIwMDAwMDAwMDAwMH19",
          "dependencies": [
            "data.oci_core_services.ALLSERVICES",
            "data.oci_identity_compartments.NWCOMPARTMENTS",
            "data.oci_identity_region_subscriptions.home_region_subscriptions",
            "oci_core_vcn.VCN",
            "oci_identity_tag.release",
            "oci_identity_tag_namespace.devrel"
          ]
        }
      ]
    },
    {
      "mode": "managed",
      "type": "oci_core_subnet",
      "name": "PrivateSubnet",
      "provider": "provider[\"registry.terraform.io/hashicorp/oci\"]",
      "instances": [
        {
          "index_key": "HUB01_pvtsn01",
          "schema_version": 0,
          "attributes": {
            "availability_domain": null,
            "cidr_block": "10.0.0.0/23",
            "compartment_id": "ocid1.compartment.oc1..aaaaaaaa57dcr5tauzvhraxlnhstl3fdpjblfdrh57nafd3sfabcsgr3fstq",
            "defined_tags": {
              "DevRel\\terraform-oci-cloudbricks-network-artifacts-859e.release": "1.0"
            },
            "dhcp_options_id": "ocid1.dhcpoptions.oc1.sa-santiago-1.aaaaaaaa6ymohtsttpbwf4gfb65opl64xyu65pxnvhpqbbubhuypsnarx3nq",
            "display_name": "HUB01_pvtsn01",
            "dns_label": "hub01pvtsn01",
            "freeform_tags": {},
            "id": "ocid1.subnet.oc1.sa-santiago-1.aaaaaaaahwbim2yl5llgokjpmsouqy4j3hh5kxiv6z7tlzethmew3mag4c3a",
            "ipv6cidr_block": null,
            "ipv6virtual_router_ip": null,
            "prohibit_internet_ingress": true,
            "prohibit_public_ip_on_vnic": true,
            "route_table_id": "ocid1.routetable.oc1.sa-santiago-1.aaaaaaaaxd2zg4mwcjgdhnbdr5xtubuq63v6iy2wc45qmht2pq34stzref2a",
            "security_list_ids": [
              "ocid1.securitylist.oc1.sa-santiago-1.aaaaaaaar55tlvqnlxztgzdk2zl5hgl75sxmko42dsh22m6z6s53ivhqjhba"
            ],
            "state": "UPDATING",
            "subnet_domain_name": "hub01pvtsn01.hub01vcnterrafo.oraclevcn.com",
            "time_created": "2021-07-23 16:24:08.631 +0000 UTC",
            "timeouts": null,
            "vcn_id": "ocid1.vcn.oc1.sa-santiago-1.amaaaaaatwfhi7yaeh6ofbh5dk3qithw6jzm4oe5evcpeu6ve3falk6pt6ba",
            "virtual_router_ip": "10.0.0.1",
            "virtual_router_mac": "00:00:17:5E:BC:1D"
          },
          "sensitive_attributes": [],
          "private": "eyJlMmJmYjczMC1lY2FhLTExZTYtOGY4OC0zNDM2M2JjN2M0YzAiOnsiY3JlYXRlIjoxMjAwMDAwMDAwMDAwLCJkZWxldGUiOjEyMDAwMDAwMDAwMDAsInVwZGF0ZSI6MTIwMDAwMDAwMDAwMH19",
          "dependencies": [
            "data.oci_identity_compartments.NWCOMPARTMENTS",
            "data.oci_identity_region_subscriptions.home_region_subscriptions",
            "oci_core_dhcp_options.DHCPOptions",
            "oci_core_route_table.PrivateRouteTable",
            "oci_core_security_list.PrivateSecurityList",
            "oci_core_vcn.VCN",
            "oci_identity_tag.release",
            "oci_identity_tag_namespace.devrel"
          ]
        },
        {
          "index_key": "HUB01_pvtsn02",
          "schema_version": 0,
          "attributes": {
            "availability_domain": null,
            "cidr_block": "10.0.2.0/23",
            "compartment_id": "ocid1.compartment.oc1..aaaaaaaa57dcr5tauzvhraxlnhstl3fdpjblfdrh57nafd3sfabcsgr3fstq",
            "defined_tags": {
              "DevRel\\terraform-oci-cloudbricks-network-artifacts-859e.release": "1.0"
            },
            "dhcp_options_id": "ocid1.dhcpoptions.oc1.sa-santiago-1.aaaaaaaa6ymohtsttpbwf4gfb65opl64xyu65pxnvhpqbbubhuypsnarx3nq",
            "display_name": "HUB01_pvtsn02",
            "dns_label": "hub01pvtsn02",
            "freeform_tags": {},
            "id": "ocid1.subnet.oc1.sa-santiago-1.aaaaaaaazi7l7x7vdds37e52yvet44owe3k6zdcl5v6xnqhw3bgn7nunjsyq",
            "ipv6cidr_block": null,
            "ipv6virtual_router_ip": null,
            "prohibit_internet_ingress": true,
            "prohibit_public_ip_on_vnic": true,
            "route_table_id": "ocid1.routetable.oc1.sa-santiago-1.aaaaaaaaxd2zg4mwcjgdhnbdr5xtubuq63v6iy2wc45qmht2pq34stzref2a",
            "security_list_ids": [
              "ocid1.securitylist.oc1.sa-santiago-1.aaaaaaaar55tlvqnlxztgzdk2zl5hgl75sxmko42dsh22m6z6s53ivhqjhba"
            ],
            "state": "UPDATING",
            "subnet_domain_name": "hub01pvtsn02.hub01vcnterrafo.oraclevcn.com",
            "time_created": "2021-07-23 16:24:07.916 +0000 UTC",
            "timeouts": null,
            "vcn_id": "ocid1.vcn.oc1.sa-santiago-1.amaaaaaatwfhi7yaeh6ofbh5dk3qithw6jzm4oe5evcpeu6ve3falk6pt6ba",
            "virtual_router_ip": "10.0.2.1",
            "virtual_router_mac": "00:00:17:5E:BC:1D"
          },
          "sensitive_attributes": [],
          "private": "eyJlMmJmYjczMC1lY2FhLTExZTYtOGY4OC0zNDM2M2JjN2M0YzAiOnsiY3JlYXRlIjoxMjAwMDAwMDAwMDAwLCJkZWxldGUiOjEyMDAwMDAwMDAwMDAsInVwZGF0ZSI6MTIwMDAwMDAwMDAwMH19",
          "dependencies": [
            "data.oci_identity_compartments.NWCOMPARTMENTS",
            "data.oci_identity_region_subscriptions.home_region_subscriptions",
            "oci_core_dhcp_options.DHCPOptions",
            "oci_core_route_table.PrivateRouteTable",
            "oci_core_security_list.PrivateSecurityList",
            "oci_core_vcn.VCN",
            "oci_identity_tag.release",
            "oci_identity_tag_namespace.devrel"
          ]
        },
        {
          "index_key": "HUB01_pvtsn03",
          "schema_version": 0,
          "attributes": {
            "availability_domain": null,
            "cidr_block": "10.0.4.0/23",
            "compartment_id": "ocid1.compartment.oc1..aaaaaaaa57dcr5tauzvhraxlnhstl3fdpjblfdrh57nafd3sfabcsgr3fstq",
            "defined_tags": {
              "DevRel\\terraform-oci-cloudbricks-network-artifacts-859e.release": "1.0"
            },
            "dhcp_options_id": "ocid1.dhcpoptions.oc1.sa-santiago-1.aaaaaaaa6ymohtsttpbwf4gfb65opl64xyu65pxnvhpqbbubhuypsnarx3nq",
            "display_name": "HUB01_pvtsn03",
            "dns_label": "hub01pvtsn03",
            "freeform_tags": {},
            "id": "ocid1.subnet.oc1.sa-santiago-1.aaaaaaaaobtdhbdtn4h2hbgng32iahz5nbhkyerlqf4xwsovwvxkm62xjwva",
            "ipv6cidr_block": null,
            "ipv6virtual_router_ip": null,
            "prohibit_internet_ingress": true,
            "prohibit_public_ip_on_vnic": true,
            "route_table_id": "ocid1.routetable.oc1.sa-santiago-1.aaaaaaaaxd2zg4mwcjgdhnbdr5xtubuq63v6iy2wc45qmht2pq34stzref2a",
            "security_list_ids": [
              "ocid1.securitylist.oc1.sa-santiago-1.aaaaaaaar55tlvqnlxztgzdk2zl5hgl75sxmko42dsh22m6z6s53ivhqjhba"
            ],
            "state": "UPDATING",
            "subnet_domain_name": "hub01pvtsn03.hub01vcnterrafo.oraclevcn.com",
            "time_created": "2021-07-23 16:24:08.852 +0000 UTC",
            "timeouts": null,
            "vcn_id": "ocid1.vcn.oc1.sa-santiago-1.amaaaaaatwfhi7yaeh6ofbh5dk3qithw6jzm4oe5evcpeu6ve3falk6pt6ba",
            "virtual_router_ip": "10.0.4.1",
            "virtual_router_mac": "00:00:17:5E:BC:1D"
          },
          "sensitive_attributes": [],
          "private": "eyJlMmJmYjczMC1lY2FhLTExZTYtOGY4OC0zNDM2M2JjN2M0YzAiOnsiY3JlYXRlIjoxMjAwMDAwMDAwMDAwLCJkZWxldGUiOjEyMDAwMDAwMDAwMDAsInVwZGF0ZSI6MTIwMDAwMDAwMDAwMH19",
          "dependencies": [
            "data.oci_identity_compartments.NWCOMPARTMENTS",
            "data.oci_identity_region_subscriptions.home_region_subscriptions",
            "oci_core_dhcp_options.DHCPOptions",
            "oci_core_route_table.PrivateRouteTable",
            "oci_core_security_list.PrivateSecurityList",
            "oci_core_vcn.VCN",
            "oci_identity_tag.release",
            "oci_identity_tag_namespace.devrel"
          ]
        }
      ]
    },
    {
      "mode": "managed",
      "type": "oci_core_subnet",
      "name": "PublicSubnet",
      "provider": "provider[\"registry.terraform.io/hashicorp/oci\"]",
      "instances": [
        {
          "index_key": "HUB01_pubsn01",
          "schema_version": 0,
          "attributes": {
            "availability_domain": null,
            "cidr_block": "10.0.6.0/23",
            "compartment_id": "ocid1.compartment.oc1..aaaaaaaa57dcr5tauzvhraxlnhstl3fdpjblfdrh57nafd3sfabcsgr3fstq",
            "defined_tags": {
              "DevRel\\terraform-oci-cloudbricks-network-artifacts-859e.release": "1.0"
            },
            "dhcp_options_id": "ocid1.dhcpoptions.oc1.sa-santiago-1.aaaaaaaa6ymohtsttpbwf4gfb65opl64xyu65pxnvhpqbbubhuypsnarx3nq",
            "display_name": "HUB01_pubsn01",
            "dns_label": "hub01pubsn01",
            "freeform_tags": {},
            "id": "ocid1.subnet.oc1.sa-santiago-1.aaaaaaaad5fctnjagcymiidulrbkkrcvq7hvzyfzr2ja3wiq3ngkmivtmpya",
            "ipv6cidr_block": null,
            "ipv6virtual_router_ip": null,
            "prohibit_internet_ingress": false,
            "prohibit_public_ip_on_vnic": false,
            "route_table_id": "ocid1.routetable.oc1.sa-santiago-1.aaaaaaaaqovs7f724avbysuc37uguzm2eocrgddlqqf252jzaolo7gkugotq",
            "security_list_ids": [
              "ocid1.securitylist.oc1.sa-santiago-1.aaaaaaaacukhcwhvypiefhqwpjhstuisw7iidt5whe4damzrufczsy6mpaga"
            ],
            "state": "UPDATING",
            "subnet_domain_name": "hub01pubsn01.hub01vcnterrafo.oraclevcn.com",
            "time_created": "2021-07-23 16:24:11.649 +0000 UTC",
            "timeouts": null,
            "vcn_id": "ocid1.vcn.oc1.sa-santiago-1.amaaaaaatwfhi7yaeh6ofbh5dk3qithw6jzm4oe5evcpeu6ve3falk6pt6ba",
            "virtual_router_ip": "10.0.6.1",
            "virtual_router_mac": "00:00:17:5E:BC:1D"
          },
          "sensitive_attributes": [],
          "private": "eyJlMmJmYjczMC1lY2FhLTExZTYtOGY4OC0zNDM2M2JjN2M0YzAiOnsiY3JlYXRlIjoxMjAwMDAwMDAwMDAwLCJkZWxldGUiOjEyMDAwMDAwMDAwMDAsInVwZGF0ZSI6MTIwMDAwMDAwMDAwMH19",
          "dependencies": [
            "data.oci_identity_compartments.NWCOMPARTMENTS",
            "data.oci_identity_region_subscriptions.home_region_subscriptions",
            "oci_core_dhcp_options.DHCPOptions",
            "oci_core_route_table.PublicRouteTable",
            "oci_core_security_list.PublicSecurityList",
            "oci_core_vcn.VCN",
            "oci_identity_tag.release",
            "oci_identity_tag_namespace.devrel"
          ]
        },
        {
          "index_key": "HUB01_pubsn02",
          "schema_version": 0,
          "attributes": {
            "availability_domain": null,
            "cidr_block": "10.0.8.0/23",
            "compartment_id": "ocid1.compartment.oc1..aaaaaaaa57dcr5tauzvhraxlnhstl3fdpjblfdrh57nafd3sfabcsgr3fstq",
            "defined_tags": {
              "DevRel\\terraform-oci-cloudbricks-network-artifacts-859e.release": "1.0"
            },
            "dhcp_options_id": "ocid1.dhcpoptions.oc1.sa-santiago-1.aaaaaaaa6ymohtsttpbwf4gfb65opl64xyu65pxnvhpqbbubhuypsnarx3nq",
            "display_name": "HUB01_pubsn02",
            "dns_label": "hub01pubsn02",
            "freeform_tags": {},
            "id": "ocid1.subnet.oc1.sa-santiago-1.aaaaaaaax7hnmkquii363te3iovgr5stpesu3mr3mus2rs5wcvjtoiuhhrta",
            "ipv6cidr_block": null,
            "ipv6virtual_router_ip": null,
            "prohibit_internet_ingress": false,
            "prohibit_public_ip_on_vnic": false,
            "route_table_id": "ocid1.routetable.oc1.sa-santiago-1.aaaaaaaaqovs7f724avbysuc37uguzm2eocrgddlqqf252jzaolo7gkugotq",
            "security_list_ids": [
              "ocid1.securitylist.oc1.sa-santiago-1.aaaaaaaacukhcwhvypiefhqwpjhstuisw7iidt5whe4damzrufczsy6mpaga"
            ],
            "state": "UPDATING",
            "subnet_domain_name": "hub01pubsn02.hub01vcnterrafo.oraclevcn.com",
            "time_created": "2021-07-23 16:24:07.669 +0000 UTC",
            "timeouts": null,
            "vcn_id": "ocid1.vcn.oc1.sa-santiago-1.amaaaaaatwfhi7yaeh6ofbh5dk3qithw6jzm4oe5evcpeu6ve3falk6pt6ba",
            "virtual_router_ip": "10.0.8.1",
            "virtual_router_mac": "00:00:17:5E:BC:1D"
          },
          "sensitive_attributes": [],
          "private": "eyJlMmJmYjczMC1lY2FhLTExZTYtOGY4OC0zNDM2M2JjN2M0YzAiOnsiY3JlYXRlIjoxMjAwMDAwMDAwMDAwLCJkZWxldGUiOjEyMDAwMDAwMDAwMDAsInVwZGF0ZSI6MTIwMDAwMDAwMDAwMH19",
          "dependencies": [
            "data.oci_identity_compartments.NWCOMPARTMENTS",
            "data.oci_identity_region_subscriptions.home_region_subscriptions",
            "oci_core_dhcp_options.DHCPOptions",
            "oci_core_route_table.PublicRouteTable",
            "oci_core_security_list.PublicSecurityList",
            "oci_core_vcn.VCN",
            "oci_identity_tag.release",
            "oci_identity_tag_namespace.devrel"
          ]
        },
        {
          "index_key": "HUB01_pubsn03",
          "schema_version": 0,
          "attributes": {
            "availability_domain": null,
            "cidr_block": "10.0.10.0/23",
            "compartment_id": "ocid1.compartment.oc1..aaaaaaaa57dcr5tauzvhraxlnhstl3fdpjblfdrh57nafd3sfabcsgr3fstq",
            "defined_tags": {
              "DevRel\\terraform-oci-cloudbricks-network-artifacts-859e.release": "1.0"
            },
            "dhcp_options_id": "ocid1.dhcpoptions.oc1.sa-santiago-1.aaaaaaaa6ymohtsttpbwf4gfb65opl64xyu65pxnvhpqbbubhuypsnarx3nq",
            "display_name": "HUB01_pubsn03",
            "dns_label": "hub01pubsn03",
            "freeform_tags": {},
            "id": "ocid1.subnet.oc1.sa-santiago-1.aaaaaaaa52hrxdhcxxsv4b43ufx7vmk3kggw2mavit4mknpe6yqikfzwr3za",
            "ipv6cidr_block": null,
            "ipv6virtual_router_ip": null,
            "prohibit_internet_ingress": false,
            "prohibit_public_ip_on_vnic": false,
            "route_table_id": "ocid1.routetable.oc1.sa-santiago-1.aaaaaaaaqovs7f724avbysuc37uguzm2eocrgddlqqf252jzaolo7gkugotq",
            "security_list_ids": [
              "ocid1.securitylist.oc1.sa-santiago-1.aaaaaaaacukhcwhvypiefhqwpjhstuisw7iidt5whe4damzrufczsy6mpaga"
            ],
            "state": "UPDATING",
            "subnet_domain_name": "hub01pubsn03.hub01vcnterrafo.oraclevcn.com",
            "time_created": "2021-07-23 16:24:11.38 +0000 UTC",
            "timeouts": null,
            "vcn_id": "ocid1.vcn.oc1.sa-santiago-1.amaaaaaatwfhi7yaeh6ofbh5dk3qithw6jzm4oe5evcpeu6ve3falk6pt6ba",
            "virtual_router_ip": "10.0.10.1",
            "virtual_router_mac": "00:00:17:5E:BC:1D"
          },
          "sensitive_attributes": [],
          "private": "eyJlMmJmYjczMC1lY2FhLTExZTYtOGY4OC0zNDM2M2JjN2M0YzAiOnsiY3JlYXRlIjoxMjAwMDAwMDAwMDAwLCJkZWxldGUiOjEyMDAwMDAwMDAwMDAsInVwZGF0ZSI6MTIwMDAwMDAwMDAwMH19",
          "dependencies": [
            "data.oci_identity_compartments.NWCOMPARTMENTS",
            "data.oci_identity_region_subscriptions.home_region_subscriptions",
            "oci_core_dhcp_options.DHCPOptions",
            "oci_core_route_table.PublicRouteTable",
            "oci_core_security_list.PublicSecurityList",
            "oci_core_vcn.VCN",
            "oci_identity_tag.release",
            "oci_identity_tag_namespace.devrel"
          ]
        }
      ]
    },
    {
      "mode": "managed",
      "type": "oci_core_vcn",
      "name": "VCN",
      "provider": "provider[\"registry.terraform.io/hashicorp/oci\"]",
      "instances": [
        {
          "schema_version": 0,
          "attributes": {
            "cidr_block": "10.0.0.0/16",
            "cidr_blocks": [
              "10.0.0.0/16"
            ],
            "compartment_id": "ocid1.compartment.oc1..aaaaaaaa57dcr5tauzvhraxlnhstl3fdpjblfdrh57nafd3sfabcsgr3fstq",
            "default_dhcp_options_id": "ocid1.dhcpoptions.oc1.sa-santiago-1.aaaaaaaa2u73b4pabh7zktxjde6zfdwjxignalraj3xbv2umii36de6e2o3q",
            "default_route_table_id": "ocid1.routetable.oc1.sa-santiago-1.aaaaaaaafruq7sdch7mzf3ixcttur3qugnea36tgqpwz2bfqw52koz2f6lda",
            "default_security_list_id": "ocid1.securitylist.oc1.sa-santiago-1.aaaaaaaaygb5nwfo7zzi6b4j4abilw2ytlc7mtrdu2abtzvdznqr3ryskggq",
            "defined_tags": {
              "DevRel\\terraform-oci-cloudbricks-network-artifacts-859e.release": "1.0"
            },
            "display_name": "HUB01_VCN_Terraform",
            "dns_label": "hub01vcnterrafo",
            "freeform_tags": {},
            "id": "ocid1.vcn.oc1.sa-santiago-1.amaaaaaatwfhi7yaeh6ofbh5dk3qithw6jzm4oe5evcpeu6ve3falk6pt6ba",
            "ipv6cidr_blocks": [],
            "is_ipv6enabled": false,
            "state": "AVAILABLE",
            "time_created": "2021-07-23 16:24:05.205 +0000 UTC",
            "timeouts": null,
            "vcn_domain_name": "hub01vcnterrafo.oraclevcn.com"
          },
          "sensitive_attributes": [],
          "private": "eyJlMmJmYjczMC1lY2FhLTExZTYtOGY4OC0zNDM2M2JjN2M0YzAiOnsiY3JlYXRlIjoxMjAwMDAwMDAwMDAwLCJkZWxldGUiOjEyMDAwMDAwMDAwMDAsInVwZGF0ZSI6MTIwMDAwMDAwMDAwMH19",
          "dependencies": [
            "data.oci_identity_compartments.NWCOMPARTMENTS",
            "data.oci_identity_region_subscriptions.home_region_subscriptions",
            "oci_identity_tag.release",
            "oci_identity_tag_namespace.devrel"
          ]
        }
      ]
    },
    {
      "mode": "managed",
      "type": "oci_identity_tag",
      "name": "release",
      "provider": "provider[\"registry.terraform.io/hashicorp/oci\"].home",
      "instances": [
        {
          "schema_version": 0,
          "attributes": {
            "defined_tags": {},
            "description": "Release tag.",
            "freeform_tags": {},
            "id": "ocid1.tagdefinition.oc1..aaaaaaaaf2we6wstmftpmq3kf7reaxfarcpwtrb4744ro3aml6avwc25vlla",
            "is_cost_tracking": false,
            "is_retired": false,
            "name": "release",
            "state": "ACTIVE",
            "tag_namespace_id": "ocid1.tagnamespace.oc1..aaaaaaaaf7q6qwbxmbfrxc3rcgdgofunjfruouejxjglt2c6v2lfy4oaskfq",
            "time_created": "2021-07-23 16:24:17.415 +0000 UTC",
            "timeouts": null,
            "validator": []
          },
          "sensitive_attributes": [],
          "private": "eyJlMmJmYjczMC1lY2FhLTExZTYtOGY4OC0zNDM2M2JjN2M0YzAiOnsiY3JlYXRlIjo5MDAwMDAwMDAwMDAsImRlbGV0ZSI6NDMyMDAwMDAwMDAwMDAsInVwZGF0ZSI6OTAwMDAwMDAwMDAwfX0=",
          "dependencies": [
            "data.oci_identity_compartments.NWCOMPARTMENTS",
            "data.oci_identity_region_subscriptions.home_region_subscriptions",
            "oci_identity_tag_namespace.devrel",
            "random_id.tag"
          ]
        }
      ]
    },
    {
      "mode": "managed",
      "type": "oci_identity_tag_namespace",
      "name": "devrel",
      "provider": "provider[\"registry.terraform.io/hashicorp/oci\"].home",
      "instances": [
        {
          "schema_version": 0,
          "attributes": {
            "compartment_id": "ocid1.compartment.oc1..aaaaaaaa57dcr5tauzvhraxlnhstl3fdpjblfdrh57nafd3sfabcsgr3fstq",
            "defined_tags": {},
            "description": "Developer Relations Tag Namespace",
            "freeform_tags": {},
            "id": "ocid1.tagnamespace.oc1..aaaaaaaaf7q6qwbxmbfrxc3rcgdgofunjfruouejxjglt2c6v2lfy4oaskfq",
            "is_retired": false,
            "name": "DevRel\\terraform-oci-cloudbricks-network-artifacts-859e",
            "state": "ACTIVE",
            "time_created": "2021-07-23 16:24:05.887 +0000 UTC",
            "timeouts": null
          },
          "sensitive_attributes": [],
          "private": "eyJlMmJmYjczMC1lY2FhLTExZTYtOGY4OC0zNDM2M2JjN2M0YzAiOnsiY3JlYXRlIjoxMjAwMDAwMDAwMDAwLCJkZWxldGUiOjEyMDAwMDAwMDAwMDAsInVwZGF0ZSI6MTIwMDAwMDAwMDAwMH19",
          "dependencies": [
            "random_id.tag",
            "data.oci_identity_compartments.NWCOMPARTMENTS",
            "data.oci_identity_region_subscriptions.home_region_subscriptions"
          ]
        }
      ]
    },
    {
      "mode": "managed",
      "type": "random_id",
      "name": "tag",
      "provider": "provider[\"registry.terraform.io/hashicorp/random\"]",
      "instances": [
        {
          "schema_version": 0,
          "attributes": {
            "b64_std": "hZ4=",
            "b64_url": "hZ4",
            "byte_length": 2,
            "dec": "34206",
            "hex": "859e",
            "id": "hZ4",
            "keepers": null,
            "prefix": null
          },
          "sensitive_attributes": [],
          "private": "bnVsbA=="
        }
      ]
    }
  ]
}
